{
  "object": {
    "pins": [
      {
        "package": "Alamofire",
        "repositoryURL": "git@github.com:Alamofire/Alamofire.git",
        "state": {
          "branch": null,
          "revision": "59037bfd28aa963a7916f1eb22a74107a3522f16",
          "version": "5.0.5"
        }
      },
      {
        "package": "HelpersSPM",
        "repositoryURL": "git@github.com:NSCabezon/HelpersSPM.git",
        "state": {
          "branch": "master-5.1",
          "revision": "17ebef312cc47467d9c6d25f060d3e7b633b7ded",
          "version": null
        }
      }
    ]
  },
  "version": 1
}
